{
  "name": "VSCodeEnvironmentViewer",
  "version": "0.0.1",
  "lockfileVersion": 3,
  "requires": true,
  "packages": {
    "": {
      "name": "VSCodeEnvironmentViewer",
      "version": "0.0.1",
      "dependencies": {
        "env-editor": "file:",
        "env-viewer": "file:",
        "VSCodeEnvironmentViewer": "file:",
        "VSCodeEnvViewer": "file:"
      },
      "devDependencies": {
        "@types/node": "16.x",
        "@types/vscode": "^1.74.0",
        "typescript": "^4.9.4"
      },
      "engines": {
        "vscode": "^1.74.0"
      }
    },
    "node_modules/@types/node": {
      "version": "16.18.126",
      "dev": true,
      "license": "MIT"
    },
    "node_modules/@types/vscode": {
      "version": "1.100.0",
      "dev": true,
      "license": "MIT"
    },
    "node_modules/env-editor": {
      "version": "0.0.1",
      "dependencies": {
        "env-editor": "file:"
      },
      "engines": {
        "vscode": "^1.74.0"
      }
    },
    "node_modules/env-viewer": {
      "name": "VSCodeEnvironmentViewer",
      "version": "0.0.1",
      "resolved": "file:",
      "dependencies": {
        "env-editor": "file:",
        "env-viewer": "file:",
        "VSCodeEnvironmentViewer": "file:",
        "VSCodeEnvViewer": "file:"
      },
      "engines": {
        "vscode": "^1.74.0"
      }
    },
    "node_modules/typescript": {
      "version": "4.9.5",
      "dev": true,
      "license": "Apache-2.0",
      "bin": {
        "tsc": "bin/tsc",
        "tsserver": "bin/tsserver"
      },
      "engines": {
        "node": ">=4.2.0"
      }
    },
    "node_modules/VSCodeEnvironmentViewer": {
      "version": "0.0.1",
      "resolved": "file:",
      "dependencies": {
        "env-editor": "file:",
        "env-viewer": "file:",
        "VSCodeEnvironmentViewer": "file:",
        "VSCodeEnvViewer": "file:"
      },
      "engines": {
        "vscode": "^1.74.0"
      }
    },
    "node_modules/VSCodeEnvViewer": {
      "name": "VSCodeEnvironmentViewer",
      "version": "0.0.1",
      "resolved": "file:",
      "dependencies": {
        "env-editor": "file:",
        "env-viewer": "file:",
        "VSCodeEnvironmentViewer": "file:",
        "VSCodeEnvViewer": "file:"
      },
      "engines": {
        "vscode": "^1.74.0"
      }
    }
  }
}
